
Microsoft Visual Studio Solution File, Format Version 12.00
# Visual Studio Version 17
VisualStudioVersion = 17.9.34728.123
MinimumVisualStudioVersion = 10.0.40219.1
Project("{9A19103F-16F7-4668-BE54-9A1E7A4F7556}") = "AslainUpdater", "AslainUpdater\AslainUpdater.csproj", "{65FF3BD0-7167-41D6-9E9B-875A94E36B74}"
EndProject
Global
	GlobalSection(SolutionConfigurationPlatforms) = preSolution
		Debug|Any CPU = Debug|Any CPU
		Release|Any CPU = Release|Any CPU
	EndGlobalSection
	GlobalSection(ProjectConfigurationPlatforms) = postSolution
		{65FF3BD0-7167-41D6-9E9B-875A94E36B74}.Debug|Any CPU.ActiveCfg = Debug|Any CPU
		{65FF3BD0-7167-41D6-9E9B-875A94E36B74}.Debug|Any CPU.Build.0 = Debug|Any CPU
		{65FF3BD0-7167-41D6-9E9B-875A94E36B74}.Release|Any CPU.ActiveCfg = Release|Any CPU
		{65FF3BD0-7167-41D6-9E9B-875A94E36B74}.Release|Any CPU.Build.0 = Release|Any CPU
	EndGlobalSection
	GlobalSection(SolutionProperties) = preSolution
		HideSolutionNode = FALSE
	EndGlobalSection
	GlobalSection(ExtensibilityGlobals) = postSolution
		SolutionGuid = {CAC586E2-3E05-4269-9602-8363DFEB4C46}
	EndGlobalSection
EndGlobal
